
Microsoft Visual Studio Solution File, Format Version 12.00
# Visual Studio Version 17
VisualStudioVersion = 17.4.33122.133
MinimumVisualStudioVersion = 10.0.40219.1
Project("{2150E333-8FDC-42A3-9474-1A3956D46DE8}") = "src", "src", "{A9843DFB-4DD0-44B0-8443-3F755B40D9C5}"
EndProject
Project("{2150E333-8FDC-42A3-9474-1A3956D46DE8}") = "Cassino.Api", "Cassino.Api", "{3E994353-7FAB-455A-BD44-D3030A05E594}"
EndProject
Project("{2150E333-8FDC-42A3-9474-1A3956D46DE8}") = "Cassino.Application", "Cassino.Application", "{B9D2B4AD-D40C-48D2-9D20-9BF7572838B0}"
EndProject
Project("{2150E333-8FDC-42A3-9474-1A3956D46DE8}") = "Cassino.Core", "Cassino.Core", "{DC061470-9EAB-4795-94B4-9EACD9F97972}"
EndProject
Project("{2150E333-8FDC-42A3-9474-1A3956D46DE8}") = "Cassino.Domain", "Cassino.Domain", "{DD7BBEC1-B33C-4B0F-B3D5-15E686229B4D}"
EndProject
Project("{2150E333-8FDC-42A3-9474-1A3956D46DE8}") = "Cassino.infra", "Cassino.infra", "{658C4573-3B9E-41D5-AB64-BD37860D6D15}"
EndProject
Project("{9A19103F-16F7-4668-BE54-9A1E7A4F7556}") = "Cassino.Api", "Cassino.Api\Cassino.Api.csproj", "{0CAE96A4-952D-4187-AEA1-84748375E085}"
EndProject
Project("{9A19103F-16F7-4668-BE54-9A1E7A4F7556}") = "Cassino.Application", "Cassino.Application\Cassino.Application.csproj", "{EA39B925-67A6-4460-8A41-C9A6EBEB5935}"
EndProject
Project("{9A19103F-16F7-4668-BE54-9A1E7A4F7556}") = "Cassino.Core", "Cassino.Core\Cassino.Core.csproj", "{3B02B129-B59F-4154-831F-6AAB959DBF31}"
EndProject
Project("{9A19103F-16F7-4668-BE54-9A1E7A4F7556}") = "Cassino.Domain", "Cassino.Domain\Cassino.Domain.csproj", "{6E991910-24F4-4591-AB6D-C7332F4FCCE9}"
EndProject
Project("{9A19103F-16F7-4668-BE54-9A1E7A4F7556}") = "Cassino.Infra", "Cassino.Infra\Cassino.Infra.csproj", "{35DA77AE-CFD3-4908-80A3-2C108C1C7342}"
EndProject
Global
	GlobalSection(SolutionConfigurationPlatforms) = preSolution
		Debug|Any CPU = Debug|Any CPU
		Release|Any CPU = Release|Any CPU
	EndGlobalSection
	GlobalSection(ProjectConfigurationPlatforms) = postSolution
		{0CAE96A4-952D-4187-AEA1-84748375E085}.Debug|Any CPU.ActiveCfg = Debug|Any CPU
		{0CAE96A4-952D-4187-AEA1-84748375E085}.Debug|Any CPU.Build.0 = Debug|Any CPU
		{0CAE96A4-952D-4187-AEA1-84748375E085}.Release|Any CPU.ActiveCfg = Release|Any CPU
		{0CAE96A4-952D-4187-AEA1-84748375E085}.Release|Any CPU.Build.0 = Release|Any CPU
		{EA39B925-67A6-4460-8A41-C9A6EBEB5935}.Debug|Any CPU.ActiveCfg = Debug|Any CPU
		{EA39B925-67A6-4460-8A41-C9A6EBEB5935}.Debug|Any CPU.Build.0 = Debug|Any CPU
		{EA39B925-67A6-4460-8A41-C9A6EBEB5935}.Release|Any CPU.ActiveCfg = Release|Any CPU
		{EA39B925-67A6-4460-8A41-C9A6EBEB5935}.Release|Any CPU.Build.0 = Release|Any CPU
		{3B02B129-B59F-4154-831F-6AAB959DBF31}.Debug|Any CPU.ActiveCfg = Debug|Any CPU
		{3B02B129-B59F-4154-831F-6AAB959DBF31}.Debug|Any CPU.Build.0 = Debug|Any CPU
		{3B02B129-B59F-4154-831F-6AAB959DBF31}.Release|Any CPU.ActiveCfg = Release|Any CPU
		{3B02B129-B59F-4154-831F-6AAB959DBF31}.Release|Any CPU.Build.0 = Release|Any CPU
		{6E991910-24F4-4591-AB6D-C7332F4FCCE9}.Debug|Any CPU.ActiveCfg = Debug|Any CPU
		{6E991910-24F4-4591-AB6D-C7332F4FCCE9}.Debug|Any CPU.Build.0 = Debug|Any CPU
		{6E991910-24F4-4591-AB6D-C7332F4FCCE9}.Release|Any CPU.ActiveCfg = Release|Any CPU
		{6E991910-24F4-4591-AB6D-C7332F4FCCE9}.Release|Any CPU.Build.0 = Release|Any CPU
		{35DA77AE-CFD3-4908-80A3-2C108C1C7342}.Debug|Any CPU.ActiveCfg = Debug|Any CPU
		{35DA77AE-CFD3-4908-80A3-2C108C1C7342}.Debug|Any CPU.Build.0 = Debug|Any CPU
		{35DA77AE-CFD3-4908-80A3-2C108C1C7342}.Release|Any CPU.ActiveCfg = Release|Any CPU
		{35DA77AE-CFD3-4908-80A3-2C108C1C7342}.Release|Any CPU.Build.0 = Release|Any CPU
	EndGlobalSection
	GlobalSection(SolutionProperties) = preSolution
		HideSolutionNode = FALSE
	EndGlobalSection
	GlobalSection(NestedProjects) = preSolution
		{3E994353-7FAB-455A-BD44-D3030A05E594} = {A9843DFB-4DD0-44B0-8443-3F755B40D9C5}
		{B9D2B4AD-D40C-48D2-9D20-9BF7572838B0} = {A9843DFB-4DD0-44B0-8443-3F755B40D9C5}
		{DC061470-9EAB-4795-94B4-9EACD9F97972} = {A9843DFB-4DD0-44B0-8443-3F755B40D9C5}
		{DD7BBEC1-B33C-4B0F-B3D5-15E686229B4D} = {A9843DFB-4DD0-44B0-8443-3F755B40D9C5}
		{658C4573-3B9E-41D5-AB64-BD37860D6D15} = {A9843DFB-4DD0-44B0-8443-3F755B40D9C5}
		{0CAE96A4-952D-4187-AEA1-84748375E085} = {3E994353-7FAB-455A-BD44-D3030A05E594}
		{EA39B925-67A6-4460-8A41-C9A6EBEB5935} = {B9D2B4AD-D40C-48D2-9D20-9BF7572838B0}
		{3B02B129-B59F-4154-831F-6AAB959DBF31} = {DC061470-9EAB-4795-94B4-9EACD9F97972}
		{6E991910-24F4-4591-AB6D-C7332F4FCCE9} = {DD7BBEC1-B33C-4B0F-B3D5-15E686229B4D}
		{35DA77AE-CFD3-4908-80A3-2C108C1C7342} = {658C4573-3B9E-41D5-AB64-BD37860D6D15}
	EndGlobalSection
	GlobalSection(ExtensibilityGlobals) = postSolution
		SolutionGuid = {FE3463FB-E36B-47C7-AE94-51D63502479E}
	EndGlobalSection
EndGlobal
